lockfileVersion: 5.4

specifiers:
  '@types/node': 18.14.6
  aws-cdk: 2.68.0
  aws-cdk-lib: 2.68.0
  constructs: ^10.0.0
  source-map-support: ^0.5.21
  ts-jest: ^29.0.5
  ts-node: ^10.9.1
  typescript: ~4.9.5

dependencies:
  aws-cdk-lib: 2.68.0_constructs@10.1.292
  constructs: 10.1.292
  source-map-support: 0.5.21

devDependencies:
  '@types/node': 18.14.6
  aws-cdk: 2.68.0
  ts-jest: 29.0.5_typescript@4.9.5
  ts-node: 10.9.1_alpjt73dvgv6kni625hu7f2l4m
  typescript: 4.9.5

packages:

  /@aws-cdk/asset-awscli-v1/2.2.120:
    resolution: {integrity: sha512-g/8fHiO2/ydC29Cu5xShgmcp1UfY6yRxJPq+QDsQ80l16emsgelpxgvUyoXE3qNgHG+WVJvixZZhB3m55zEN4w==}
    dev: false

  /@aws-cdk/asset-kubectl-v20/2.1.1:
    resolution: {integrity: sha512-U1ntiX8XiMRRRH5J1IdC+1t5CE89015cwyt5U63Cpk0GnMlN5+h9WsWMlKlPXZR4rdq/m806JRlBMRpBUB2Dhw==}
    dev: false

  /@aws-cdk/asset-node-proxy-agent-v5/2.0.97:
    resolution: {integrity: sha512-udU6ilEIR5+ys+PYl8IJEeTzzABEK67OW27f0hanD58RTJzx3sa28faPJUhwAjSOdgZMN4c4AaHZF2u28kHo/g==}
    dev: false

  /@cspotcode/source-map-support/0.8.1:
    resolution: {integrity: sha512-IchNf6dN4tHoMFIn/7OE8LWZ19Y6q/67Bmf6vnGREv8RSbBVb9LPJxEcnwrcwX6ixSvaiGoomAUvu4YSxXrVgw==}
    engines: {node: '>=12'}
    dependencies:
      '@jridgewell/trace-mapping': 0.3.9
    dev: true

  /@jest/schemas/29.4.3:
    resolution: {integrity: sha512-VLYKXQmtmuEz6IxJsrZwzG9NvtkQsWNnWMsKxqWNu3+CnfzJQhp0WDDKWLVV9hLKr0l3SLLFRqcYHjhtyuDVxg==}
    engines: {node: ^14.15.0 || ^16.10.0 || >=18.0.0}
    dependencies:
      '@sinclair/typebox': 0.25.24
    dev: true

  /@jest/types/29.5.0:
    resolution: {integrity: sha512-qbu7kN6czmVRc3xWFQcAN03RAUamgppVUdXrvl1Wr3jlNF93o9mJbGcDWrwGB6ht44u7efB1qCFgVQmca24Uog==}
    engines: {node: ^14.15.0 || ^16.10.0 || >=18.0.0}
    dependencies:
      '@jest/schemas': 29.4.3
      '@types/istanbul-lib-coverage': 2.0.4
      '@types/istanbul-reports': 3.0.1
      '@types/node': 18.14.6
      '@types/yargs': 17.0.24
      chalk: 4.1.2
    dev: true

  /@jridgewell/resolve-uri/3.1.0:
    resolution: {integrity: sha512-F2msla3tad+Mfht5cJq7LSXcdudKTWCVYUgw6pLFOOHSTtZlj6SWNYAp+AhuqLmWdBO2X5hPrLcu8cVP8fy28w==}
    engines: {node: '>=6.0.0'}
    dev: true

  /@jridgewell/sourcemap-codec/1.4.14:
    resolution: {integrity: sha512-XPSJHWmi394fuUuzDnGz1wiKqWfo1yXecHQMRf2l6hztTO+nPru658AyDngaBe7isIxEkRsPR3FZh+s7iVa4Uw==}
    dev: true

  /@jridgewell/trace-mapping/0.3.9:
    resolution: {integrity: sha512-3Belt6tdc8bPgAtbcmdtNJlirVoTmEb5e2gC94PnkwEW9jI6CAHUeoG85tjWP5WquqfavoMtMwiG4P926ZKKuQ==}
    dependencies:
      '@jridgewell/resolve-uri': 3.1.0
      '@jridgewell/sourcemap-codec': 1.4.14
    dev: true

  /@sinclair/typebox/0.25.24:
    resolution: {integrity: sha512-XJfwUVUKDHF5ugKwIcxEgc9k8b7HbznCp6eUfWgu710hMPNIO4aw4/zB5RogDQz8nd6gyCDpU9O/m6qYEWY6yQ==}
    dev: true

  /@tsconfig/node10/1.0.9:
    resolution: {integrity: sha512-jNsYVVxU8v5g43Erja32laIDHXeoNvFEpX33OK4d6hljo3jDhCBDhx5dhCCTMWUojscpAagGiRkBKxpdl9fxqA==}
    dev: true

  /@tsconfig/node12/1.0.11:
    resolution: {integrity: sha512-cqefuRsh12pWyGsIoBKJA9luFu3mRxCA+ORZvA4ktLSzIuCUtWVxGIuXigEwO5/ywWFMZ2QEGKWvkZG1zDMTag==}
    dev: true

  /@tsconfig/node14/1.0.3:
    resolution: {integrity: sha512-ysT8mhdixWK6Hw3i1V2AeRqZ5WfXg1G43mqoYlM2nc6388Fq5jcXyr5mRsqViLx/GJYdoL0bfXD8nmF+Zn/Iow==}
    dev: true

  /@tsconfig/node16/1.0.3:
    resolution: {integrity: sha512-yOlFc+7UtL/89t2ZhjPvvB/DeAr3r+Dq58IgzsFkOAvVC6NMJXmCGjbptdXdR9qsX7pKcTL+s87FtYREi2dEEQ==}
    dev: true

  /@types/istanbul-lib-coverage/2.0.4:
    resolution: {integrity: sha512-z/QT1XN4K4KYuslS23k62yDIDLwLFkzxOuMplDtObz0+y7VqJCaO2o+SPwHCvLFZh7xazvvoor2tA/hPz9ee7g==}
    dev: true

  /@types/istanbul-lib-report/3.0.0:
    resolution: {integrity: sha512-plGgXAPfVKFoYfa9NpYDAkseG+g6Jr294RqeqcqDixSbU34MZVJRi/P+7Y8GDpzkEwLaGZZOpKIEmeVZNtKsrg==}
    dependencies:
      '@types/istanbul-lib-coverage': 2.0.4
    dev: true

  /@types/istanbul-reports/3.0.1:
    resolution: {integrity: sha512-c3mAZEuK0lvBp8tmuL74XRKn1+y2dcwOUpH7x4WrF6gk1GIgiluDRgMYQtw2OFcBvAJWlt6ASU3tSqxp0Uu0Aw==}
    dependencies:
      '@types/istanbul-lib-report': 3.0.0
    dev: true

  /@types/node/18.14.6:
    resolution: {integrity: sha512-93+VvleD3mXwlLI/xASjw0FzKcwzl3OdTCzm1LaRfqgS21gfFtK3zDXM5Op9TeeMsJVOaJ2VRDpT9q4Y3d0AvA==}
    dev: true

  /@types/yargs-parser/21.0.0:
    resolution: {integrity: sha512-iO9ZQHkZxHn4mSakYV0vFHAVDyEOIJQrV2uZ06HxEPcx+mt8swXoZHIbaaJ2crJYFfErySgktuTZ3BeLz+XmFA==}
    dev: true

  /@types/yargs/17.0.24:
    resolution: {integrity: sha512-6i0aC7jV6QzQB8ne1joVZ0eSFIstHsCrobmOtghM11yGlH0j43FKL2UhWdELkyps0zuf7qVTUVCCR+tgSlyLLw==}
    dependencies:
      '@types/yargs-parser': 21.0.0
    dev: true

  /acorn-walk/8.2.0:
    resolution: {integrity: sha512-k+iyHEuPgSw6SbuDpGQM+06HQUa04DZ3o+F6CSzXMvvI5KMvnaEqXe+YVe555R9nn6GPt404fos4wcgpw12SDA==}
    engines: {node: '>=0.4.0'}
    dev: true

  /acorn/8.8.2:
    resolution: {integrity: sha512-xjIYgE8HBrkpd/sJqOGNspf8uHG+NOHGOw6a/Urj8taM2EXfdNAH2oFcPeIFfsv3+kz/mJrS5VuMqbNLjCa2vw==}
    engines: {node: '>=0.4.0'}
    hasBin: true
    dev: true

  /ansi-styles/4.3.0:
    resolution: {integrity: sha512-zbB9rCJAT1rbjiVDb2hqKFHNYLxgtk8NURxZ3IZwD3F6NtxbXZQCnnSi1Lkx+IDohdPlFp222wVALIheZJQSEg==}
    engines: {node: '>=8'}
    dependencies:
      color-convert: 2.0.1
    dev: true

  /arg/4.1.3:
    resolution: {integrity: sha512-58S9QDqG0Xx27YwPSt9fJxivjYl432YCwfDMfZ+71RAqUrZef7LrKQZ3LHLOwCS4FLNBplP533Zx895SeOCHvA==}
    dev: true

  /aws-cdk-lib/2.68.0_constructs@10.1.292:
    resolution: {integrity: sha512-roN3xwzv/GleGG3CaJrf+thdzr9WBzJU4LotumEOs+0cGfeXSta8Pm/cGAeY4kplr5r10QWUovH0fv/bi6Vrbw==}
    engines: {node: '>= 14.15.0'}
    peerDependencies:
      constructs: ^10.0.0
    dependencies:
      '@aws-cdk/asset-awscli-v1': 2.2.120
      '@aws-cdk/asset-kubectl-v20': 2.1.1
      '@aws-cdk/asset-node-proxy-agent-v5': 2.0.97
      constructs: 10.1.292
    dev: false
    bundledDependencies:
      - '@balena/dockerignore'
      - case
      - fs-extra
      - ignore
      - jsonschema
      - minimatch
      - punycode
      - semver
      - yaml

  /aws-cdk/2.68.0:
    resolution: {integrity: sha512-r+C5M4J3C7RLiixhxsO/W9Kpb5iB0mFshyn5PXT1cGPkDbx23bnWLOab03jG7uHWIWI01DCipHQyTaeXXqvT3A==}
    engines: {node: '>= 14.15.0'}
    hasBin: true
    optionalDependencies:
      fsevents: 2.3.2
    dev: true

  /bs-logger/0.2.6:
    resolution: {integrity: sha512-pd8DCoxmbgc7hyPKOvxtqNcjYoOsABPQdcCUjGp3d42VR2CX1ORhk2A87oqqu5R1kk+76nsxZupkmyd+MVtCog==}
    engines: {node: '>= 6'}
    dependencies:
      fast-json-stable-stringify: 2.1.0
    dev: true

  /buffer-from/1.1.2:
    resolution: {integrity: sha512-E+XQCRwSbaaiChtv6k6Dwgc+bx+Bs6vuKJHHl5kox/BaKbhiXzqQOwK4cO22yElGp2OCmjwVhT3HmxgyPGnJfQ==}
    dev: false

  /chalk/4.1.2:
    resolution: {integrity: sha512-oKnbhFyRIXpUuez8iBMmyEa4nbj4IOQyuhc/wy9kY7/WVPcwIO9VA668Pu8RkO7+0G76SLROeyw9CpQ061i4mA==}
    engines: {node: '>=10'}
    dependencies:
      ansi-styles: 4.3.0
      supports-color: 7.2.0
    dev: true

  /ci-info/3.8.0:
    resolution: {integrity: sha512-eXTggHWSooYhq49F2opQhuHWgzucfF2YgODK4e1566GQs5BIfP30B0oenwBJHfWxAs2fyPB1s7Mg949zLf61Yw==}
    engines: {node: '>=8'}
    dev: true

  /color-convert/2.0.1:
    resolution: {integrity: sha512-RRECPsj7iu/xb5oKYcsFHSppFNnsj/52OVTRKb4zP5onXwVF3zVmmToNcOfGC+CRDpfK/U584fMg38ZHCaElKQ==}
    engines: {node: '>=7.0.0'}
    dependencies:
      color-name: 1.1.4
    dev: true

  /color-name/1.1.4:
    resolution: {integrity: sha512-dOy+3AuW3a2wNbZHIuMZpTcgjGuLU/uBL/ubcZF9OXbDo8ff4O8yVp5Bf0efS8uEoYo5q4Fx7dY9OgQGXgAsQA==}
    dev: true

  /constructs/10.1.292:
    resolution: {integrity: sha512-6so2QmwcN0Ndw7Er7+8wxT1qETF3HtP7Gqc3q+5B4OS1W5/Z6tiJO1c1kpXOsnBfD8cEzs6FVVcd7Udhv5qNyA==}
    engines: {node: '>= 14.17.0'}
    dev: false

  /create-require/1.1.1:
    resolution: {integrity: sha512-dcKFX3jn0MpIaXjisoRvexIJVEKzaq7z2rZKxf+MSr9TkdmHmsU4m2lcLojrj/FHl8mk5VxMmYA+ftRkP/3oKQ==}
    dev: true

  /diff/4.0.2:
    resolution: {integrity: sha512-58lmxKSA4BNyLz+HHMUzlOEpg09FV+ev6ZMe3vJihgdxzgcwZ8VoEEPmALCZG9LmqfVoNMMKpttIYTVG6uDY7A==}
    engines: {node: '>=0.3.1'}
    dev: true

  /fast-json-stable-stringify/2.1.0:
    resolution: {integrity: sha512-lhd/wF+Lk98HZoTCtlVraHtfh5XYijIjalXck7saUtuanSDyLMxnHhSXEDJqHxD7msR8D0uCmqlkwjCV8xvwHw==}
    dev: true

  /fsevents/2.3.2:
    resolution: {integrity: sha512-xiqMQR4xAeHTuB9uWm+fFRcIOgKBMiOBP+eXiyT7jsgVCq1bkVygt00oASowB7EdtpOHaaPgKt812P9ab+DDKA==}
    engines: {node: ^8.16.0 || ^10.6.0 || >=11.0.0}
    os: [darwin]
    requiresBuild: true
    dev: true
    optional: true

  /graceful-fs/4.2.11:
    resolution: {integrity: sha512-RbJ5/jmFcNNCcDV5o9eTnBLJ/HszWV0P73bc+Ff4nS/rJj+YaS6IGyiOL0VoBYX+l1Wrl3k63h/KrH+nhJ0XvQ==}
    dev: true

  /has-flag/4.0.0:
    resolution: {integrity: sha512-EykJT/Q1KjTWctppgIAgfSO0tKVuZUjhgMr17kqTumMl6Afv3EISleU7qZUzoXDFTAHTDC4NOoG/ZxU3EvlMPQ==}
    engines: {node: '>=8'}
    dev: true

  /jest-util/29.5.0:
    resolution: {integrity: sha512-RYMgG/MTadOr5t8KdhejfvUU82MxsCu5MF6KuDUHl+NuwzUt+Sm6jJWxTJVrDR1j5M/gJVCPKQEpWXY+yIQ6lQ==}
    engines: {node: ^14.15.0 || ^16.10.0 || >=18.0.0}
    dependencies:
      '@jest/types': 29.5.0
      '@types/node': 18.14.6
      chalk: 4.1.2
      ci-info: 3.8.0
      graceful-fs: 4.2.11
      picomatch: 2.3.1
    dev: true

  /json5/2.2.3:
    resolution: {integrity: sha512-XmOWe7eyHYH14cLdVPoyg+GOH3rYX++KpzrylJwSW98t3Nk+U8XOl8FWKOgwtzdb8lXGf6zYwDUzeHMWfxasyg==}
    engines: {node: '>=6'}
    hasBin: true
    dev: true

  /lodash.memoize/4.1.2:
    resolution: {integrity: sha512-t7j+NzmgnQzTAYXcsHYLgimltOV1MXHtlOWf6GjL9Kj8GK5FInw5JotxvbOs+IvV1/Dzo04/fCGfLVs7aXb4Ag==}
    dev: true

  /lru-cache/6.0.0:
    resolution: {integrity: sha512-Jo6dJ04CmSjuznwJSS3pUeWmd/H0ffTlkXXgwZi+eq1UCmqQwCh+eLsYOYCwY991i2Fah4h1BEMCx4qThGbsiA==}
    engines: {node: '>=10'}
    dependencies:
      yallist: 4.0.0
    dev: true

  /make-error/1.3.6:
    resolution: {integrity: sha512-s8UhlNe7vPKomQhC1qFelMokr/Sc3AgNbso3n74mVPA5LTZwkB9NlXf4XPamLxJE8h0gh73rM94xvwRT2CVInw==}
    dev: true

  /picomatch/2.3.1:
    resolution: {integrity: sha512-JU3teHTNjmE2VCGFzuY8EXzCDVwEqB2a8fsIvwaStHhAWJEeVd1o1QD80CU6+ZdEXXSLbSsuLwJjkCBWqRQUVA==}
    engines: {node: '>=8.6'}
    dev: true

  /semver/7.3.8:
    resolution: {integrity: sha512-NB1ctGL5rlHrPJtFDVIVzTyQylMLu9N9VICA6HSFJo8MCGVTMW6gfpicwKmmK/dAjTOrqu5l63JJOpDSrAis3A==}
    engines: {node: '>=10'}
    hasBin: true
    dependencies:
      lru-cache: 6.0.0
    dev: true

  /source-map-support/0.5.21:
    resolution: {integrity: sha512-uBHU3L3czsIyYXKX88fdrGovxdSCoTGDRZ6SYXtSRxLZUzHg5P/66Ht6uoUlHu9EZod+inXhKo3qQgwXUT/y1w==}
    dependencies:
      buffer-from: 1.1.2
      source-map: 0.6.1
    dev: false

  /source-map/0.6.1:
    resolution: {integrity: sha512-UjgapumWlbMhkBgzT7Ykc5YXUT46F0iKu8SGXq0bcwP5dz/h0Plj6enJqjz1Zbq2l5WaqYnrVbwWOWMyF3F47g==}
    engines: {node: '>=0.10.0'}
    dev: false

  /supports-color/7.2.0:
    resolution: {integrity: sha512-qpCAvRl9stuOHveKsn7HncJRvv501qIacKzQlO/+Lwxc9+0q2wLyv4Dfvt80/DPn2pqOBsJdDiogXGR9+OvwRw==}
    engines: {node: '>=8'}
    dependencies:
      has-flag: 4.0.0
    dev: true

  /ts-jest/29.0.5_typescript@4.9.5:
    resolution: {integrity: sha512-PL3UciSgIpQ7f6XjVOmbi96vmDHUqAyqDr8YxzopDqX3kfgYtX1cuNeBjP+L9sFXi6nzsGGA6R3fP3DDDJyrxA==}
    engines: {node: ^14.15.0 || ^16.10.0 || >=18.0.0}
    hasBin: true
    peerDependencies:
      '@babel/core': '>=7.0.0-beta.0 <8'
      '@jest/types': ^29.0.0
      babel-jest: ^29.0.0
      esbuild: '*'
      jest: ^29.0.0
      typescript: '>=4.3'
    peerDependenciesMeta:
      '@babel/core':
        optional: true
      '@jest/types':
        optional: true
      babel-jest:
        optional: true
      esbuild:
        optional: true
    dependencies:
      bs-logger: 0.2.6
      fast-json-stable-stringify: 2.1.0
      jest-util: 29.5.0
      json5: 2.2.3
      lodash.memoize: 4.1.2
      make-error: 1.3.6
      semver: 7.3.8
      typescript: 4.9.5
      yargs-parser: 21.1.1
    dev: true

  /ts-node/10.9.1_alpjt73dvgv6kni625hu7f2l4m:
    resolution: {integrity: sha512-NtVysVPkxxrwFGUUxGYhfux8k78pQB3JqYBXlLRZgdGUqTO5wU/UyHop5p70iEbGhB7q5KmiZiU0Y3KlJrScEw==}
    hasBin: true
    peerDependencies:
      '@swc/core': '>=1.2.50'
      '@swc/wasm': '>=1.2.50'
      '@types/node': '*'
      typescript: '>=2.7'
    peerDependenciesMeta:
      '@swc/core':
        optional: true
      '@swc/wasm':
        optional: true
    dependencies:
      '@cspotcode/source-map-support': 0.8.1
      '@tsconfig/node10': 1.0.9
      '@tsconfig/node12': 1.0.11
      '@tsconfig/node14': 1.0.3
      '@tsconfig/node16': 1.0.3
      '@types/node': 18.14.6
      acorn: 8.8.2
      acorn-walk: 8.2.0
      arg: 4.1.3
      create-require: 1.1.1
      diff: 4.0.2
      make-error: 1.3.6
      typescript: 4.9.5
      v8-compile-cache-lib: 3.0.1
      yn: 3.1.1
    dev: true

  /typescript/4.9.5:
    resolution: {integrity: sha512-1FXk9E2Hm+QzZQ7z+McJiHL4NW1F2EzMu9Nq9i3zAaGqibafqYwCVU6WyWAuyQRRzOlxou8xZSyXLEN8oKj24g==}
    engines: {node: '>=4.2.0'}
    hasBin: true
    dev: true

  /v8-compile-cache-lib/3.0.1:
    resolution: {integrity: sha512-wa7YjyUGfNZngI/vtK0UHAN+lgDCxBPCylVXGp0zu59Fz5aiGtNXaq3DhIov063MorB+VfufLh3JlF2KdTK3xg==}
    dev: true

  /yallist/4.0.0:
    resolution: {integrity: sha512-3wdGidZyq5PB084XLES5TpOSRA3wjXAlIWMhum2kRcv/41Sn2emQ0dycQW4uZXLejwKvg6EsvbdlVL+FYEct7A==}
    dev: true

  /yargs-parser/21.1.1:
    resolution: {integrity: sha512-tVpsJW7DdjecAiFpbIB1e3qxIQsE6NoPc5/eTdrbbIC4h0LVsWhnoa3g+m2HclBIujHzsxZ4VJVA+GUuc2/LBw==}
    engines: {node: '>=12'}
    dev: true

  /yn/3.1.1:
    resolution: {integrity: sha512-Ux4ygGWsu2c7isFWe8Yu1YluJmqVhxqK2cLXNQA5AcC3QfbGNpM7fu0Y8b/z16pXLnFxZYvWhd3fhBY9DLmC6Q==}
    engines: {node: '>=6'}
    dev: true
